// !$*UTF8*$!
{
	archiveVersion = 1;
	classes = {
	};
	objectVersion = 47;
	objects = {

/* Begin PBXBuildFile section */
		184E62901C58C298004C4E18 /* UIView+Extension.m in Sources */ = {isa = PBXBuildFile; fileRef = 184E62891C58C298004C4E18 /* UIView+Extension.m */; };
		F26137AF2136F2EA00663B9F /* Assets.xcassets in Resources */ = {isa = PBXBuildFile; fileRef = F26137A42136F2E900663B9F /* Assets.xcassets */; };
		F26137B02136F2EA00663B9F /* LaunchScreen.storyboard in Resources */ = {isa = PBXBuildFile; fileRef = F26137A52136F2E900663B9F /* LaunchScreen.storyboard */; };
		F26137B12136F2EA00663B9F /* launchScreenImage1.png in Resources */ = {isa = PBXBuildFile; fileRef = F26137A72136F2E900663B9F /* launchScreenImage1.png */; };
		F26137B22136F2EA00663B9F /* main.m in Sources */ = {isa = PBXBuildFile; fileRef = F26137AB2136F2E900663B9F /* main.m */; };
		F26137B32136F2EA00663B9F /* AppDelegate.m in Sources */ = {isa = PBXBuildFile; fileRef = F26137AD2136F2E900663B9F /* AppDelegate.m */; };
		F26137B42136F2EA00663B9F /* Info.plist in Resources */ = {isa = PBXBuildFile; fileRef = F26137AE2136F2E900663B9F /* Info.plist */; };
		F26137B82136F32B00663B9F /* YPYDNetCountManager.m in Sources */ = {isa = PBXBuildFile; fileRef = F26137B62136F32B00663B9F /* YPYDNetCountManager.m */; };
		F26137CC2136F3C700663B9F /* YPYDSearchController.m in Sources */ = {isa = PBXBuildFile; fileRef = F26137BC2136F3C600663B9F /* YPYDSearchController.m */; };
		F26137CD2136F3C700663B9F /* YPYDTabBarController.m in Sources */ = {isa = PBXBuildFile; fileRef = F26137BD2136F3C600663B9F /* YPYDTabBarController.m */; };
		F26137CE2136F3C700663B9F /* YPYDAreaViewController.m in Sources */ = {isa = PBXBuildFile; fileRef = F26137BE2136F3C600663B9F /* YPYDAreaViewController.m */; };
		F26137CF2136F3C700663B9F /* YPYDMineUViewController.m in Sources */ = {isa = PBXBuildFile; fileRef = F26137C12136F3C600663B9F /* YPYDMineUViewController.m */; };
		F26137D02136F3C700663B9F /* YPYDShoppingCartController.m in Sources */ = {isa = PBXBuildFile; fileRef = F26137C42136F3C600663B9F /* YPYDShoppingCartController.m */; };
		F26137D12136F3C700663B9F /* YPYDHomeViewController.m in Sources */ = {isa = PBXBuildFile; fileRef = F26137C52136F3C600663B9F /* YPYDHomeViewController.m */; };
		F26137D22136F3C700663B9F /* YPYDPOPTestViewController1.m in Sources */ = {isa = PBXBuildFile; fileRef = F26137C82136F3C600663B9F /* YPYDPOPTestViewController1.m */; };
		F26137D32136F3C700663B9F /* YPYDPOPTestViewController2.m in Sources */ = {isa = PBXBuildFile; fileRef = F26137C92136F3C600663B9F /* YPYDPOPTestViewController2.m */; };
/* End PBXBuildFile section */

/* Begin PBXFileReference section */
		184E62881C58C298004C4E18 /* UIView+Extension.h */ = {isa = PBXFileReference; fileEncoding = 4; lastKnownFileType = sourcecode.c.h; path = "UIView+Extension.h"; sourceTree = "<group>"; };
		184E62891C58C298004C4E18 /* UIView+Extension.m */ = {isa = PBXFileReference; fileEncoding = 4; lastKnownFileType = sourcecode.c.objc; path = "UIView+Extension.m"; sourceTree = "<group>"; };
		18EDB8621C58BCE000FB2D79 /* 3D Touch Demo.app */ = {isa = PBXFileReference; explicitFileType = wrapper.application; includeInIndex = 0; path = "3D Touch Demo.app"; sourceTree = BUILT_PRODUCTS_DIR; };
		18EDB8821C58BCE000FB2D79 /* _D_Touch_DemoTests.m */ = {isa = PBXFileReference; lastKnownFileType = sourcecode.c.objc; path = _D_Touch_DemoTests.m; sourceTree = "<group>"; };
		18EDB8841C58BCE000FB2D79 /* Info.plist */ = {isa = PBXFileReference; lastKnownFileType = text.plist.xml; path = Info.plist; sourceTree = "<group>"; };
		18EDB88D1C58BCE000FB2D79 /* _D_Touch_DemoUITests.m */ = {isa = PBXFileReference; lastKnownFileType = sourcecode.c.objc; path = _D_Touch_DemoUITests.m; sourceTree = "<group>"; };
		18EDB88F1C58BCE000FB2D79 /* Info.plist */ = {isa = PBXFileReference; lastKnownFileType = text.plist.xml; path = Info.plist; sourceTree = "<group>"; };
		F26137A42136F2E900663B9F /* Assets.xcassets */ = {isa = PBXFileReference; lastKnownFileType = folder.assetcatalog; path = Assets.xcassets; sourceTree = "<group>"; };
		F26137A62136F2E900663B9F /* Base */ = {isa = PBXFileReference; lastKnownFileType = file.storyboard; name = Base; path = Base.lproj/LaunchScreen.storyboard; sourceTree = "<group>"; };
		F26137A82136F2E900663B9F /* Base */ = {isa = PBXFileReference; lastKnownFileType = image.png; name = Base; path = Base.lproj/launchScreenImage1.png; sourceTree = "<group>"; };
		F26137AA2136F2E900663B9F /* AppDelegate.h */ = {isa = PBXFileReference; fileEncoding = 4; lastKnownFileType = sourcecode.c.h; path = AppDelegate.h; sourceTree = "<group>"; };
		F26137AB2136F2E900663B9F /* main.m */ = {isa = PBXFileReference; fileEncoding = 4; lastKnownFileType = sourcecode.c.objc; path = main.m; sourceTree = "<group>"; };
		F26137AC2136F2E900663B9F /* YPYDPrefixHeader.pch */ = {isa = PBXFileReference; fileEncoding = 4; lastKnownFileType = sourcecode.c.h; path = YPYDPrefixHeader.pch; sourceTree = "<group>"; };
		F26137AD2136F2E900663B9F /* AppDelegate.m */ = {isa = PBXFileReference; fileEncoding = 4; lastKnownFileType = sourcecode.c.objc; path = AppDelegate.m; sourceTree = "<group>"; };
		F26137AE2136F2E900663B9F /* Info.plist */ = {isa = PBXFileReference; fileEncoding = 4; lastKnownFileType = text.plist.xml; path = Info.plist; sourceTree = "<group>"; };
		F26137B62136F32B00663B9F /* YPYDNetCountManager.m */ = {isa = PBXFileReference; fileEncoding = 4; lastKnownFileType = sourcecode.c.objc; path = YPYDNetCountManager.m; sourceTree = "<group>"; };
		F26137B72136F32B00663B9F /* YPYDNetCountManager.h */ = {isa = PBXFileReference; fileEncoding = 4; lastKnownFileType = sourcecode.c.h; path = YPYDNetCountManager.h; sourceTree = "<group>"; };
		F26137BB2136F3C600663B9F /* YPYDMineUViewController.h */ = {isa = PBXFileReference; fileEncoding = 4; lastKnownFileType = sourcecode.c.h; path = YPYDMineUViewController.h; sourceTree = "<group>"; };
		F26137BC2136F3C600663B9F /* YPYDSearchController.m */ = {isa = PBXFileReference; fileEncoding = 4; lastKnownFileType = sourcecode.c.objc; path = YPYDSearchController.m; sourceTree = "<group>"; };
		F26137BD2136F3C600663B9F /* YPYDTabBarController.m */ = {isa = PBXFileReference; fileEncoding = 4; lastKnownFileType = sourcecode.c.objc; path = YPYDTabBarController.m; sourceTree = "<group>"; };
		F26137BE2136F3C600663B9F /* YPYDAreaViewController.m */ = {isa = PBXFileReference; fileEncoding = 4; lastKnownFileType = sourcecode.c.objc; path = YPYDAreaViewController.m; sourceTree = "<group>"; };
		F26137BF2136F3C600663B9F /* YPYDHomeViewController.h */ = {isa = PBXFileReference; fileEncoding = 4; lastKnownFileType = sourcecode.c.h; path = YPYDHomeViewController.h; sourceTree = "<group>"; };
		F26137C02136F3C600663B9F /* YPYDShoppingCartController.h */ = {isa = PBXFileReference; fileEncoding = 4; lastKnownFileType = sourcecode.c.h; path = YPYDShoppingCartController.h; sourceTree = "<group>"; };
		F26137C12136F3C600663B9F /* YPYDMineUViewController.m */ = {isa = PBXFileReference; fileEncoding = 4; lastKnownFileType = sourcecode.c.objc; path = YPYDMineUViewController.m; sourceTree = "<group>"; };
		F26137C22136F3C600663B9F /* YPYDTabBarController.h */ = {isa = PBXFileReference; fileEncoding = 4; lastKnownFileType = sourcecode.c.h; path = YPYDTabBarController.h; sourceTree = "<group>"; };
		F26137C32136F3C600663B9F /* YPYDSearchController.h */ = {isa = PBXFileReference; fileEncoding = 4; lastKnownFileType = sourcecode.c.h; path = YPYDSearchController.h; sourceTree = "<group>"; };
		F26137C42136F3C600663B9F /* YPYDShoppingCartController.m */ = {isa = PBXFileReference; fileEncoding = 4; lastKnownFileType = sourcecode.c.objc; path = YPYDShoppingCartController.m; sourceTree = "<group>"; };
		F26137C52136F3C600663B9F /* YPYDHomeViewController.m */ = {isa = PBXFileReference; fileEncoding = 4; lastKnownFileType = sourcecode.c.objc; path = YPYDHomeViewController.m; sourceTree = "<group>"; };
		F26137C62136F3C600663B9F /* YPYDAreaViewController.h */ = {isa = PBXFileReference; fileEncoding = 4; lastKnownFileType = sourcecode.c.h; path = YPYDAreaViewController.h; sourceTree = "<group>"; };
		F26137C82136F3C600663B9F /* YPYDPOPTestViewController1.m */ = {isa = PBXFileReference; fileEncoding = 4; lastKnownFileType = sourcecode.c.objc; path = YPYDPOPTestViewController1.m; sourceTree = "<group>"; };
		F26137C92136F3C600663B9F /* YPYDPOPTestViewController2.m */ = {isa = PBXFileReference; fileEncoding = 4; lastKnownFileType = sourcecode.c.objc; path = YPYDPOPTestViewController2.m; sourceTree = "<group>"; };
		F26137CA2136F3C600663B9F /* YPYDPOPTestViewController1.h */ = {isa = PBXFileReference; fileEncoding = 4; lastKnownFileType = sourcecode.c.h; path = YPYDPOPTestViewController1.h; sourceTree = "<group>"; };
		F26137CB2136F3C600663B9F /* YPYDPOPTestViewController2.h */ = {isa = PBXFileReference; fileEncoding = 4; lastKnownFileType = sourcecode.c.h; path = YPYDPOPTestViewController2.h; sourceTree = "<group>"; };
/* End PBXFileReference section */

/* Begin PBXFrameworksBuildPhase section */
		18EDB85F1C58BCE000FB2D79 /* Frameworks */ = {
			isa = PBXFrameworksBuildPhase;
			buildActionMask = 2147483647;
			files = (
			);
			runOnlyForDeploymentPostprocessing = 0;
		};
/* End PBXFrameworksBuildPhase section */

/* Begin PBXGroup section */
		184E627B1C58C298004C4E18 /* Categorys */ = {
			isa = PBXGroup;
			children = (
				184E62881C58C298004C4E18 /* UIView+Extension.h */,
				184E62891C58C298004C4E18 /* UIView+Extension.m */,
			);
			path = Categorys;
			sourceTree = "<group>";
		};
		18EDB8591C58BCE000FB2D79 = {
			isa = PBXGroup;
			children = (
				18EDB8641C58BCE000FB2D79 /* 3D Touch Demo */,
				18EDB8811C58BCE000FB2D79 /* 3D Touch DemoTests */,
				18EDB88C1C58BCE000FB2D79 /* 3D Touch DemoUITests */,
				18EDB8631C58BCE000FB2D79 /* Products */,
			);
			sourceTree = "<group>";
		};
		18EDB8631C58BCE000FB2D79 /* Products */ = {
			isa = PBXGroup;
			children = (
				18EDB8621C58BCE000FB2D79 /* 3D Touch Demo.app */,
			);
			name = Products;
			sourceTree = "<group>";
		};
		18EDB8641C58BCE000FB2D79 /* 3D Touch Demo */ = {
			isa = PBXGroup;
			children = (
				F26137A22136F2E900663B9F /* Supporting Files */,
				F26137B92136F3C600663B9F /* ViewControllers */,
				F26137B52136F32B00663B9F /* DataManager */,
				184E627B1C58C298004C4E18 /* Categorys */,
			);
			path = "3D Touch Demo";
			sourceTree = "<group>";
		};
		18EDB8811C58BCE000FB2D79 /* 3D Touch DemoTests */ = {
			isa = PBXGroup;
			children = (
				18EDB8821C58BCE000FB2D79 /* _D_Touch_DemoTests.m */,
				18EDB8841C58BCE000FB2D79 /* Info.plist */,
			);
			path = "3D Touch DemoTests";
			sourceTree = "<group>";
		};
		18EDB88C1C58BCE000FB2D79 /* 3D Touch DemoUITests */ = {
			isa = PBXGroup;
			children = (
				18EDB88D1C58BCE000FB2D79 /* _D_Touch_DemoUITests.m */,
				18EDB88F1C58BCE000FB2D79 /* Info.plist */,
			);
			path = "3D Touch DemoUITests";
			sourceTree = "<group>";
		};
		F26137A22136F2E900663B9F /* Supporting Files */ = {
			isa = PBXGroup;
			children = (
				F26137A92136F2E900663B9F /* Main */,
				F26137A32136F2E900663B9F /* Others */,
			);
			path = "Supporting Files";
			sourceTree = "<group>";
		};
		F26137A32136F2E900663B9F /* Others */ = {
			isa = PBXGroup;
			children = (
				F26137A42136F2E900663B9F /* Assets.xcassets */,
				F26137A52136F2E900663B9F /* LaunchScreen.storyboard */,
				F26137A72136F2E900663B9F /* launchScreenImage1.png */,
			);
			path = Others;
			sourceTree = "<group>";
		};
		F26137A92136F2E900663B9F /* Main */ = {
			isa = PBXGroup;
			children = (
				F26137AA2136F2E900663B9F /* AppDelegate.h */,
				F26137AD2136F2E900663B9F /* AppDelegate.m */,
				F26137AE2136F2E900663B9F /* Info.plist */,
				F26137AB2136F2E900663B9F /* main.m */,
				F26137AC2136F2E900663B9F /* YPYDPrefixHeader.pch */,
			);
			path = Main;
			sourceTree = "<group>";
		};
		F26137B52136F32B00663B9F /* DataManager */ = {
			isa = PBXGroup;
			children = (
				F26137B62136F32B00663B9F /* YPYDNetCountManager.m */,
				F26137B72136F32B00663B9F /* YPYDNetCountManager.h */,
			);
			path = DataManager;
			sourceTree = "<group>";
		};
		F26137B92136F3C600663B9F /* ViewControllers */ = {
			isa = PBXGroup;
			children = (
				F26137BA2136F3C600663B9F /* TabBarVC */,
				F26137D42136F3EB00663B9F /* BusinessVC */,
				F26137C72136F3C600663B9F /* PopTestVC */,
			);
			path = ViewControllers;
			sourceTree = "<group>";
		};
		F26137BA2136F3C600663B9F /* TabBarVC */ = {
			isa = PBXGroup;
			children = (
				F26137C22136F3C600663B9F /* YPYDTabBarController.h */,
				F26137BD2136F3C600663B9F /* YPYDTabBarController.m */,
			);
			path = TabBarVC;
			sourceTree = "<group>";
		};
		F26137C72136F3C600663B9F /* PopTestVC */ = {
			isa = PBXGroup;
			children = (
				F26137CA2136F3C600663B9F /* YPYDPOPTestViewController1.h */,
				F26137C82136F3C600663B9F /* YPYDPOPTestViewController1.m */,
				F26137CB2136F3C600663B9F /* YPYDPOPTestViewController2.h */,
				F26137C92136F3C600663B9F /* YPYDPOPTestViewController2.m */,
			);
			path = PopTestVC;
			sourceTree = "<group>";
		};
		F26137D42136F3EB00663B9F /* BusinessVC */ = {
			isa = PBXGroup;
			children = (
				F26137C62136F3C600663B9F /* YPYDAreaViewController.h */,
				F26137BE2136F3C600663B9F /* YPYDAreaViewController.m */,
				F26137BF2136F3C600663B9F /* YPYDHomeViewController.h */,
				F26137C52136F3C600663B9F /* YPYDHomeViewController.m */,
				F26137BB2136F3C600663B9F /* YPYDMineUViewController.h */,
				F26137C12136F3C600663B9F /* YPYDMineUViewController.m */,
				F26137C32136F3C600663B9F /* YPYDSearchController.h */,
				F26137BC2136F3C600663B9F /* YPYDSearchController.m */,
				F26137C02136F3C600663B9F /* YPYDShoppingCartController.h */,
				F26137C42136F3C600663B9F /* YPYDShoppingCartController.m */,
			);
			path = BusinessVC;
			sourceTree = "<group>";
		};
/* End PBXGroup section */

/* Begin PBXNativeTarget section */
		18EDB8611C58BCE000FB2D79 /* 3D Touch Demo */ = {
			isa = PBXNativeTarget;
			buildConfigurationList = 18EDB8921C58BCE000FB2D79 /* Build configuration list for PBXNativeTarget "3D Touch Demo" */;
			buildPhases = (
				18EDB85E1C58BCE000FB2D79 /* Sources */,
				18EDB85F1C58BCE000FB2D79 /* Frameworks */,
				18EDB8601C58BCE000FB2D79 /* Resources */,
			);
			buildRules = (
			);
			dependencies = (
			);
			name = "3D Touch Demo";
			productName = "3D Touch Demo";
			productReference = 18EDB8621C58BCE000FB2D79 /* 3D Touch Demo.app */;
			productType = "com.apple.product-type.application";
		};
/* End PBXNativeTarget section */

/* Begin PBXProject section */
		18EDB85A1C58BCE000FB2D79 /* Project object */ = {
			isa = PBXProject;
			attributes = {
				CLASSPREFIX = YPYD;
				LastUpgradeCheck = 0940;
				ORGANIZATIONNAME = "北京优品悦动科贸有限公司";
				TargetAttributes = {
					18EDB8611C58BCE000FB2D79 = {
						CreatedOnToolsVersion = 7.2;
						DevelopmentTeam = DUB45PC663;
					};
				};
			};
			buildConfigurationList = 18EDB85D1C58BCE000FB2D79 /* Build configuration list for PBXProject "3D Touch Demo" */;
			compatibilityVersion = "Xcode 6.3";
			developmentRegion = English;
			hasScannedForEncodings = 0;
			knownRegions = (
				en,
				Base,
			);
			mainGroup = 18EDB8591C58BCE000FB2D79;
			productRefGroup = 18EDB8631C58BCE000FB2D79 /* Products */;
			projectDirPath = "";
			projectRoot = "";
			targets = (
				18EDB8611C58BCE000FB2D79 /* 3D Touch Demo */,
			);
		};
/* End PBXProject section */

/* Begin PBXResourcesBuildPhase section */
		18EDB8601C58BCE000FB2D79 /* Resources */ = {
			isa = PBXResourcesBuildPhase;
			buildActionMask = 2147483647;
			files = (
				F26137B42136F2EA00663B9F /* Info.plist in Resources */,
				F26137B12136F2EA00663B9F /* launchScreenImage1.png in Resources */,
				F26137B02136F2EA00663B9F /* LaunchScreen.storyboard in Resources */,
				F26137AF2136F2EA00663B9F /* Assets.xcassets in Resources */,
			);
			runOnlyForDeploymentPostprocessing = 0;
		};
/* End PBXResourcesBuildPhase section */

/* Begin PBXSourcesBuildPhase section */
		18EDB85E1C58BCE000FB2D79 /* Sources */ = {
			isa = PBXSourcesBuildPhase;
			buildActionMask = 2147483647;
			files = (
				F26137D22136F3C700663B9F /* YPYDPOPTestViewController1.m in Sources */,
				F26137D32136F3C700663B9F /* YPYDPOPTestViewController2.m in Sources */,
				F26137B22136F2EA00663B9F /* main.m in Sources */,
				F26137D02136F3C700663B9F /* YPYDShoppingCartController.m in Sources */,
				F26137CE2136F3C700663B9F /* YPYDAreaViewController.m in Sources */,
				F26137CC2136F3C700663B9F /* YPYDSearchController.m in Sources */,
				184E62901C58C298004C4E18 /* UIView+Extension.m in Sources */,
				F26137D12136F3C700663B9F /* YPYDHomeViewController.m in Sources */,
				F26137B32136F2EA00663B9F /* AppDelegate.m in Sources */,
				F26137CF2136F3C700663B9F /* YPYDMineUViewController.m in Sources */,
				F26137B82136F32B00663B9F /* YPYDNetCountManager.m in Sources */,
				F26137CD2136F3C700663B9F /* YPYDTabBarController.m in Sources */,
			);
			runOnlyForDeploymentPostprocessing = 0;
		};
/* End PBXSourcesBuildPhase section */

/* Begin PBXVariantGroup section */
		F26137A52136F2E900663B9F /* LaunchScreen.storyboard */ = {
			isa = PBXVariantGroup;
			children = (
				F26137A62136F2E900663B9F /* Base */,
			);
			name = LaunchScreen.storyboard;
			sourceTree = "<group>";
		};
		F26137A72136F2E900663B9F /* launchScreenImage1.png */ = {
			isa = PBXVariantGroup;
			children = (
				F26137A82136F2E900663B9F /* Base */,
			);
			name = launchScreenImage1.png;
			sourceTree = "<group>";
		};
/* End PBXVariantGroup section */

/* Begin XCBuildConfiguration section */
		18EDB8901C58BCE000FB2D79 /* Debug */ = {
			isa = XCBuildConfiguration;
			buildSettings = {
				ALWAYS_SEARCH_USER_PATHS = NO;
				CLANG_CXX_LANGUAGE_STANDARD = "gnu++0x";
				CLANG_CXX_LIBRARY = "libc++";
				CLANG_ENABLE_MODULES = YES;
				CLANG_ENABLE_OBJC_ARC = YES;
				CLANG_WARN_BLOCK_CAPTURE_AUTORELEASING = YES;
				CLANG_WARN_BOOL_CONVERSION = YES;
				CLANG_WARN_COMMA = YES;
				CLANG_WARN_CONSTANT_CONVERSION = YES;
				CLANG_WARN_DEPRECATED_OBJC_IMPLEMENTATIONS = YES;
				CLANG_WARN_DIRECT_OBJC_ISA_USAGE = YES_ERROR;
				CLANG_WARN_EMPTY_BODY = YES;
				CLANG_WARN_ENUM_CONVERSION = YES;
				CLANG_WARN_INFINITE_RECURSION = YES;
				CLANG_WARN_INT_CONVERSION = YES;
				CLANG_WARN_NON_LITERAL_NULL_CONVERSION = YES;
				CLANG_WARN_OBJC_IMPLICIT_RETAIN_SELF = YES;
				CLANG_WARN_OBJC_LITERAL_CONVERSION = YES;
				CLANG_WARN_OBJC_ROOT_CLASS = YES_ERROR;
				CLANG_WARN_RANGE_LOOP_ANALYSIS = YES;
				CLANG_WARN_STRICT_PROTOTYPES = YES;
				CLANG_WARN_SUSPICIOUS_MOVE = YES;
				CLANG_WARN_UNREACHABLE_CODE = YES;
				CLANG_WARN__DUPLICATE_METHOD_MATCH = YES;
				"CODE_SIGN_IDENTITY[sdk=iphoneos*]" = "iPhone Developer";
				COPY_PHASE_STRIP = NO;
				DEBUG_INFORMATION_FORMAT = dwarf;
				ENABLE_STRICT_OBJC_MSGSEND = YES;
				ENABLE_TESTABILITY = YES;
				GCC_C_LANGUAGE_STANDARD = gnu99;
				GCC_DYNAMIC_NO_PIC = NO;
				GCC_NO_COMMON_BLOCKS = YES;
				GCC_OPTIMIZATION_LEVEL = 0;
				GCC_PREPROCESSOR_DEFINITIONS = (
					"DEBUG=1",
					"$(inherited)",
				);
				GCC_WARN_64_TO_32_BIT_CONVERSION = YES;
				GCC_WARN_ABOUT_RETURN_TYPE = YES_ERROR;
				GCC_WARN_UNDECLARED_SELECTOR = YES;
				GCC_WARN_UNINITIALIZED_AUTOS = YES_AGGRESSIVE;
				GCC_WARN_UNUSED_FUNCTION = YES;
				GCC_WARN_UNUSED_VARIABLE = YES;
				IPHONEOS_DEPLOYMENT_TARGET = 9.2;
				MTL_ENABLE_DEBUG_INFO = YES;
				ONLY_ACTIVE_ARCH = YES;
				SDKROOT = iphoneos;
			};
			name = Debug;
		};
		18EDB8911C58BCE000FB2D79 /* Release */ = {
			isa = XCBuildConfiguration;
			buildSettings = {
				ALWAYS_SEARCH_USER_PATHS = NO;
				CLANG_CXX_LANGUAGE_STANDARD = "gnu++0x";
				CLANG_CXX_LIBRARY = "libc++";
				CLANG_ENABLE_MODULES = YES;
				CLANG_ENABLE_OBJC_ARC = YES;
				CLANG_WARN_BLOCK_CAPTURE_AUTORELEASING = YES;
				CLANG_WARN_BOOL_CONVERSION = YES;
				CLANG_WARN_COMMA = YES;
				CLANG_WARN_CONSTANT_CONVERSION = YES;
				CLANG_WARN_DEPRECATED_OBJC_IMPLEMENTATIONS = YES;
				CLANG_WARN_DIRECT_OBJC_ISA_USAGE = YES_ERROR;
				CLANG_WARN_EMPTY_BODY = YES;
				CLANG_WARN_ENUM_CONVERSION = YES;
				CLANG_WARN_INFINITE_RECURSION = YES;
				CLANG_WARN_INT_CONVERSION = YES;
				CLANG_WARN_NON_LITERAL_NULL_CONVERSION = YES;
				CLANG_WARN_OBJC_IMPLICIT_RETAIN_SELF = YES;
				CLANG_WARN_OBJC_LITERAL_CONVERSION = YES;
				CLANG_WARN_OBJC_ROOT_CLASS = YES_ERROR;
				CLANG_WARN_RANGE_LOOP_ANALYSIS = YES;
				CLANG_WARN_STRICT_PROTOTYPES = YES;
				CLANG_WARN_SUSPICIOUS_MOVE = YES;
				CLANG_WARN_UNREACHABLE_CODE = YES;
				CLANG_WARN__DUPLICATE_METHOD_MATCH = YES;
				"CODE_SIGN_IDENTITY[sdk=iphoneos*]" = "iPhone Developer";
				COPY_PHASE_STRIP = NO;
				DEBUG_INFORMATION_FORMAT = "dwarf-with-dsym";
				ENABLE_NS_ASSERTIONS = NO;
				ENABLE_STRICT_OBJC_MSGSEND = YES;
				GCC_C_LANGUAGE_STANDARD = gnu99;
				GCC_NO_COMMON_BLOCKS = YES;
				GCC_WARN_64_TO_32_BIT_CONVERSION = YES;
				GCC_WARN_ABOUT_RETURN_TYPE = YES_ERROR;
				GCC_WARN_UNDECLARED_SELECTOR = YES;
				GCC_WARN_UNINITIALIZED_AUTOS = YES_AGGRESSIVE;
				GCC_WARN_UNUSED_FUNCTION = YES;
				GCC_WARN_UNUSED_VARIABLE = YES;
				IPHONEOS_DEPLOYMENT_TARGET = 9.2;
				MTL_ENABLE_DEBUG_INFO = NO;
				SDKROOT = iphoneos;
				VALIDATE_PRODUCT = YES;
			};
			name = Release;
		};
		18EDB8931C58BCE000FB2D79 /* Debug */ = {
			isa = XCBuildConfiguration;
			buildSettings = {
				ASSETCATALOG_COMPILER_APPICON_NAME = AppIcon;
				CODE_SIGN_IDENTITY = "iPhone Developer";
				DEVELOPMENT_TEAM = DUB45PC663;
				GCC_PREFIX_HEADER = "$(SRCROOT)/3D Touch Demo/YPYDPrefixHeader.pch";
				INFOPLIST_FILE = "3D Touch Demo/Info.plist";
				IPHONEOS_DEPLOYMENT_TARGET = 9.0;
				LD_RUNPATH_SEARCH_PATHS = "$(inherited) @executable_path/Frameworks";
				PRODUCT_BUNDLE_IDENTIFIER = com.wyk.3DTouchDemo;
				PRODUCT_NAME = "$(TARGET_NAME)";
			};
			name = Debug;
		};
		18EDB8941C58BCE000FB2D79 /* Release */ = {
			isa = XCBuildConfiguration;
			buildSettings = {
				ASSETCATALOG_COMPILER_APPICON_NAME = AppIcon;
				CODE_SIGN_IDENTITY = "iPhone Developer";
				DEVELOPMENT_TEAM = DUB45PC663;
				GCC_PREFIX_HEADER = "$(SRCROOT)/3D Touch Demo/YPYDPrefixHeader.pch";
				INFOPLIST_FILE = "3D Touch Demo/Info.plist";
				IPHONEOS_DEPLOYMENT_TARGET = 9.0;
				LD_RUNPATH_SEARCH_PATHS = "$(inherited) @executable_path/Frameworks";
				PRODUCT_BUNDLE_IDENTIFIER = com.wyk.3DTouchDemo;
				PRODUCT_NAME = "$(TARGET_NAME)";
			};
			name = Release;
		};
/* End XCBuildConfiguration section */

/* Begin XCConfigurationList section */
		18EDB85D1C58BCE000FB2D79 /* Build configuration list for PBXProject "3D Touch Demo" */ = {
			isa = XCConfigurationList;
			buildConfigurations = (
				18EDB8901C58BCE000FB2D79 /* Debug */,
				18EDB8911C58BCE000FB2D79 /* Release */,
			);
			defaultConfigurationIsVisible = 0;
			defaultConfigurationName = Release;
		};
		18EDB8921C58BCE000FB2D79 /* Build configuration list for PBXNativeTarget "3D Touch Demo" */ = {
			isa = XCConfigurationList;
			buildConfigurations = (
				18EDB8931C58BCE000FB2D79 /* Debug */,
				18EDB8941C58BCE000FB2D79 /* Release */,
			);
			defaultConfigurationIsVisible = 0;
			defaultConfigurationName = Release;
		};
/* End XCConfigurationList section */
	};
	rootObject = 18EDB85A1C58BCE000FB2D79 /* Project object */;
}
